
Microsoft Visual Studio Solution File, Format Version 12.00
Project("{FAE04EC0-301F-11D3-BF4B-00C04F79EFBC}") = "DlxTest", "DlxTest\DlxTest.csproj", "{23EF6962-98AA-4736-B837-E50310655DD6}"
EndProject
Project("{FAE04EC0-301F-11D3-BF4B-00C04F79EFBC}") = "DlxLib", "DlxLib\DlxLib.csproj", "{462AE67D-4700-4116-A441-2032FDE5352F}"
EndProject
Project("{FAE04EC0-301F-11D3-BF4B-00C04F79EFBC}") = "SudokuLib", "SudokuLib\SudokuLib.csproj", "{EF9804A9-1517-48DC-8FBA-8B02FD5926AC}"
EndProject
Project("{FAE04EC0-301F-11D3-BF4B-00C04F79EFBC}") = "SudokuTest", "SudokuTest\SudokuTest.csproj", "{35EF9253-30B6-4595-8859-00CA183BC204}"
EndProject
Project("{FAE04EC0-301F-11D3-BF4B-00C04F79EFBC}") = "SudokuDlxLib", "SudokuDlxLib\SudokuDlxLib.csproj", "{FCFC394E-A561-43A6-A97F-460D83433FA8}"
EndProject
Project("{FAE04EC0-301F-11D3-BF4B-00C04F79EFBC}") = "SudokuDlxTest", "SudokuDlxTest\SudokuDlxTest.csproj", "{D17F343C-66F4-47F1-8CE8-A4CDAEA78BAB}"
EndProject
Global
	GlobalSection(SolutionConfigurationPlatforms) = preSolution
		Debug|Any CPU = Debug|Any CPU
		Release|Any CPU = Release|Any CPU
	EndGlobalSection
	GlobalSection(ProjectConfigurationPlatforms) = postSolution
		{23EF6962-98AA-4736-B837-E50310655DD6}.Debug|Any CPU.ActiveCfg = Debug|Any CPU
		{23EF6962-98AA-4736-B837-E50310655DD6}.Debug|Any CPU.Build.0 = Debug|Any CPU
		{23EF6962-98AA-4736-B837-E50310655DD6}.Release|Any CPU.ActiveCfg = Release|Any CPU
		{23EF6962-98AA-4736-B837-E50310655DD6}.Release|Any CPU.Build.0 = Release|Any CPU
		{462AE67D-4700-4116-A441-2032FDE5352F}.Debug|Any CPU.ActiveCfg = Debug|Any CPU
		{462AE67D-4700-4116-A441-2032FDE5352F}.Debug|Any CPU.Build.0 = Debug|Any CPU
		{462AE67D-4700-4116-A441-2032FDE5352F}.Release|Any CPU.ActiveCfg = Release|Any CPU
		{462AE67D-4700-4116-A441-2032FDE5352F}.Release|Any CPU.Build.0 = Release|Any CPU
		{EF9804A9-1517-48DC-8FBA-8B02FD5926AC}.Debug|Any CPU.ActiveCfg = Debug|Any CPU
		{EF9804A9-1517-48DC-8FBA-8B02FD5926AC}.Debug|Any CPU.Build.0 = Debug|Any CPU
		{EF9804A9-1517-48DC-8FBA-8B02FD5926AC}.Release|Any CPU.ActiveCfg = Release|Any CPU
		{EF9804A9-1517-48DC-8FBA-8B02FD5926AC}.Release|Any CPU.Build.0 = Release|Any CPU
		{35EF9253-30B6-4595-8859-00CA183BC204}.Debug|Any CPU.ActiveCfg = Debug|Any CPU
		{35EF9253-30B6-4595-8859-00CA183BC204}.Debug|Any CPU.Build.0 = Debug|Any CPU
		{35EF9253-30B6-4595-8859-00CA183BC204}.Release|Any CPU.ActiveCfg = Release|Any CPU
		{35EF9253-30B6-4595-8859-00CA183BC204}.Release|Any CPU.Build.0 = Release|Any CPU
		{FCFC394E-A561-43A6-A97F-460D83433FA8}.Debug|Any CPU.ActiveCfg = Debug|Any CPU
		{FCFC394E-A561-43A6-A97F-460D83433FA8}.Debug|Any CPU.Build.0 = Debug|Any CPU
		{FCFC394E-A561-43A6-A97F-460D83433FA8}.Release|Any CPU.ActiveCfg = Release|Any CPU
		{FCFC394E-A561-43A6-A97F-460D83433FA8}.Release|Any CPU.Build.0 = Release|Any CPU
		{D17F343C-66F4-47F1-8CE8-A4CDAEA78BAB}.Debug|Any CPU.ActiveCfg = Debug|Any CPU
		{D17F343C-66F4-47F1-8CE8-A4CDAEA78BAB}.Debug|Any CPU.Build.0 = Debug|Any CPU
		{D17F343C-66F4-47F1-8CE8-A4CDAEA78BAB}.Release|Any CPU.ActiveCfg = Release|Any CPU
		{D17F343C-66F4-47F1-8CE8-A4CDAEA78BAB}.Release|Any CPU.Build.0 = Release|Any CPU
	EndGlobalSection
EndGlobal
