
Microsoft Visual Studio Solution File, Format Version 12.00
Project("{FAE04EC0-301F-11D3-BF4B-00C04F79EFBC}") = "DlxLib", "DlxLib\DlxLib.csproj", "{4B56859E-F1B7-45F7-B8A8-E1C65D315414}"
EndProject
Project("{FAE04EC0-301F-11D3-BF4B-00C04F79EFBC}") = "ExactCoverTest", "ExactCoverTest\ExactCoverTest.csproj", "{3CCDC45B-FE8B-48FB-8E66-3A55D86A81FB}"
EndProject
Project("{FAE04EC0-301F-11D3-BF4B-00C04F79EFBC}") = "UniqueTest", "UniqueTest\UniqueTest.csproj", "{56D7B55A-86C6-4569-991D-C38267BC5F86}"
EndProject
Project("{FAE04EC0-301F-11D3-BF4B-00C04F79EFBC}") = "SudokuTestTmp", "SudokuTestTmp\SudokuTestTmp.csproj", "{AEA14FC2-FB94-4251-BC1B-6E0DCC7028DE}"
EndProject
Project("{FAE04EC0-301F-11D3-BF4B-00C04F79EFBC}") = "SudokuLib", "SudokuLib\SudokuLib.csproj", "{E29C7B9D-A117-4A12-ACFD-F48746063F6C}"
EndProject
Project("{FAE04EC0-301F-11D3-BF4B-00C04F79EFBC}") = "SudokuDlxLib", "SudokuDlxLib\SudokuDlxLib.csproj", "{EAE23E5D-E57D-4077-9801-9E78EFA34420}"
EndProject
Project("{FAE04EC0-301F-11D3-BF4B-00C04F79EFBC}") = "SudokuTest", "SudokuTest\SudokuTest.csproj", "{E548B15E-BE31-4166-A744-B2AAEE9946AC}"
EndProject
Project("{FAE04EC0-301F-11D3-BF4B-00C04F79EFBC}") = "SudokuGeneratorLib", "SudokuGeneratorLib\SudokuGeneratorLib.csproj", "{D6F33D7E-0007-4589-ABEC-5CC8A9DEC9C4}"
EndProject
Global
	GlobalSection(SolutionConfigurationPlatforms) = preSolution
		Debug|Any CPU = Debug|Any CPU
		Release|Any CPU = Release|Any CPU
	EndGlobalSection
	GlobalSection(ProjectConfigurationPlatforms) = postSolution
		{4B56859E-F1B7-45F7-B8A8-E1C65D315414}.Debug|Any CPU.ActiveCfg = Debug|Any CPU
		{4B56859E-F1B7-45F7-B8A8-E1C65D315414}.Debug|Any CPU.Build.0 = Debug|Any CPU
		{4B56859E-F1B7-45F7-B8A8-E1C65D315414}.Release|Any CPU.ActiveCfg = Release|Any CPU
		{4B56859E-F1B7-45F7-B8A8-E1C65D315414}.Release|Any CPU.Build.0 = Release|Any CPU
		{3CCDC45B-FE8B-48FB-8E66-3A55D86A81FB}.Debug|Any CPU.ActiveCfg = Debug|Any CPU
		{3CCDC45B-FE8B-48FB-8E66-3A55D86A81FB}.Debug|Any CPU.Build.0 = Debug|Any CPU
		{3CCDC45B-FE8B-48FB-8E66-3A55D86A81FB}.Release|Any CPU.ActiveCfg = Release|Any CPU
		{3CCDC45B-FE8B-48FB-8E66-3A55D86A81FB}.Release|Any CPU.Build.0 = Release|Any CPU
		{56D7B55A-86C6-4569-991D-C38267BC5F86}.Debug|Any CPU.ActiveCfg = Debug|Any CPU
		{56D7B55A-86C6-4569-991D-C38267BC5F86}.Debug|Any CPU.Build.0 = Debug|Any CPU
		{56D7B55A-86C6-4569-991D-C38267BC5F86}.Release|Any CPU.ActiveCfg = Release|Any CPU
		{56D7B55A-86C6-4569-991D-C38267BC5F86}.Release|Any CPU.Build.0 = Release|Any CPU
		{AEA14FC2-FB94-4251-BC1B-6E0DCC7028DE}.Debug|Any CPU.ActiveCfg = Debug|Any CPU
		{AEA14FC2-FB94-4251-BC1B-6E0DCC7028DE}.Debug|Any CPU.Build.0 = Debug|Any CPU
		{AEA14FC2-FB94-4251-BC1B-6E0DCC7028DE}.Release|Any CPU.ActiveCfg = Release|Any CPU
		{AEA14FC2-FB94-4251-BC1B-6E0DCC7028DE}.Release|Any CPU.Build.0 = Release|Any CPU
		{E29C7B9D-A117-4A12-ACFD-F48746063F6C}.Debug|Any CPU.ActiveCfg = Debug|Any CPU
		{E29C7B9D-A117-4A12-ACFD-F48746063F6C}.Debug|Any CPU.Build.0 = Debug|Any CPU
		{E29C7B9D-A117-4A12-ACFD-F48746063F6C}.Release|Any CPU.ActiveCfg = Release|Any CPU
		{E29C7B9D-A117-4A12-ACFD-F48746063F6C}.Release|Any CPU.Build.0 = Release|Any CPU
		{EAE23E5D-E57D-4077-9801-9E78EFA34420}.Debug|Any CPU.ActiveCfg = Debug|Any CPU
		{EAE23E5D-E57D-4077-9801-9E78EFA34420}.Debug|Any CPU.Build.0 = Debug|Any CPU
		{EAE23E5D-E57D-4077-9801-9E78EFA34420}.Release|Any CPU.ActiveCfg = Release|Any CPU
		{EAE23E5D-E57D-4077-9801-9E78EFA34420}.Release|Any CPU.Build.0 = Release|Any CPU
		{E548B15E-BE31-4166-A744-B2AAEE9946AC}.Debug|Any CPU.ActiveCfg = Debug|Any CPU
		{E548B15E-BE31-4166-A744-B2AAEE9946AC}.Debug|Any CPU.Build.0 = Debug|Any CPU
		{E548B15E-BE31-4166-A744-B2AAEE9946AC}.Release|Any CPU.ActiveCfg = Release|Any CPU
		{E548B15E-BE31-4166-A744-B2AAEE9946AC}.Release|Any CPU.Build.0 = Release|Any CPU
		{D6F33D7E-0007-4589-ABEC-5CC8A9DEC9C4}.Debug|Any CPU.ActiveCfg = Debug|Any CPU
		{D6F33D7E-0007-4589-ABEC-5CC8A9DEC9C4}.Debug|Any CPU.Build.0 = Debug|Any CPU
		{D6F33D7E-0007-4589-ABEC-5CC8A9DEC9C4}.Release|Any CPU.ActiveCfg = Release|Any CPU
		{D6F33D7E-0007-4589-ABEC-5CC8A9DEC9C4}.Release|Any CPU.Build.0 = Release|Any CPU
	EndGlobalSection
EndGlobal
