
Microsoft Visual Studio Solution File, Format Version 12.00
Project("{FAE04EC0-301F-11D3-BF4B-00C04F79EFBC}") = "DlxTest", "DlxTest\DlxTest.csproj", "{23EF6962-98AA-4736-B837-E50310655DD6}"
EndProject
Project("{FAE04EC0-301F-11D3-BF4B-00C04F79EFBC}") = "SudokuTest", "SudokuTest\SudokuTest.csproj", "{35EF9253-30B6-4595-8859-00CA183BC204}"
EndProject
Project("{FAE04EC0-301F-11D3-BF4B-00C04F79EFBC}") = "SudokuDlxTest", "SudokuDlxTest\SudokuDlxTest.csproj", "{D17F343C-66F4-47F1-8CE8-A4CDAEA78BAB}"
EndProject
Project("{FAE04EC0-301F-11D3-BF4B-00C04F79EFBC}") = "SudokuGeneratorTest", "SudokuGeneratorTest\SudokuGeneratorTest.csproj", "{D2A341E1-33EC-4BF8-861D-6B6A447DB35F}"
EndProject
Project("{FAE04EC0-301F-11D3-BF4B-00C04F79EFBC}") = "DlxLib", "DlxLib\DlxLib.csproj", "{FA75FEB6-80C6-4F44-8CC7-F4FD668524B8}"
EndProject
Project("{FAE04EC0-301F-11D3-BF4B-00C04F79EFBC}") = "SudokuDlxLib", "SudokuDlxLib\SudokuDlxLib.csproj", "{6617B771-4D7E-4473-9AF0-4E1D5B4D0D5B}"
EndProject
Project("{FAE04EC0-301F-11D3-BF4B-00C04F79EFBC}") = "SudokuLib", "SudokuLib\SudokuLib.csproj", "{476DC1F0-7640-41FE-A5AD-FE4B9323F7D8}"
EndProject
Global
	GlobalSection(SolutionConfigurationPlatforms) = preSolution
		Debug|Any CPU = Debug|Any CPU
		Release|Any CPU = Release|Any CPU
	EndGlobalSection
	GlobalSection(ProjectConfigurationPlatforms) = postSolution
		{23EF6962-98AA-4736-B837-E50310655DD6}.Debug|Any CPU.ActiveCfg = Debug|Any CPU
		{23EF6962-98AA-4736-B837-E50310655DD6}.Debug|Any CPU.Build.0 = Debug|Any CPU
		{23EF6962-98AA-4736-B837-E50310655DD6}.Release|Any CPU.ActiveCfg = Release|Any CPU
		{23EF6962-98AA-4736-B837-E50310655DD6}.Release|Any CPU.Build.0 = Release|Any CPU
		{35EF9253-30B6-4595-8859-00CA183BC204}.Debug|Any CPU.ActiveCfg = Debug|Any CPU
		{35EF9253-30B6-4595-8859-00CA183BC204}.Debug|Any CPU.Build.0 = Debug|Any CPU
		{35EF9253-30B6-4595-8859-00CA183BC204}.Release|Any CPU.ActiveCfg = Release|Any CPU
		{35EF9253-30B6-4595-8859-00CA183BC204}.Release|Any CPU.Build.0 = Release|Any CPU
		{D17F343C-66F4-47F1-8CE8-A4CDAEA78BAB}.Debug|Any CPU.ActiveCfg = Debug|Any CPU
		{D17F343C-66F4-47F1-8CE8-A4CDAEA78BAB}.Debug|Any CPU.Build.0 = Debug|Any CPU
		{D17F343C-66F4-47F1-8CE8-A4CDAEA78BAB}.Release|Any CPU.ActiveCfg = Release|Any CPU
		{D17F343C-66F4-47F1-8CE8-A4CDAEA78BAB}.Release|Any CPU.Build.0 = Release|Any CPU
		{D2A341E1-33EC-4BF8-861D-6B6A447DB35F}.Debug|Any CPU.ActiveCfg = Debug|Any CPU
		{D2A341E1-33EC-4BF8-861D-6B6A447DB35F}.Debug|Any CPU.Build.0 = Debug|Any CPU
		{D2A341E1-33EC-4BF8-861D-6B6A447DB35F}.Release|Any CPU.ActiveCfg = Release|Any CPU
		{D2A341E1-33EC-4BF8-861D-6B6A447DB35F}.Release|Any CPU.Build.0 = Release|Any CPU
		{FA75FEB6-80C6-4F44-8CC7-F4FD668524B8}.Debug|Any CPU.ActiveCfg = Debug|Any CPU
		{FA75FEB6-80C6-4F44-8CC7-F4FD668524B8}.Debug|Any CPU.Build.0 = Debug|Any CPU
		{FA75FEB6-80C6-4F44-8CC7-F4FD668524B8}.Release|Any CPU.ActiveCfg = Release|Any CPU
		{FA75FEB6-80C6-4F44-8CC7-F4FD668524B8}.Release|Any CPU.Build.0 = Release|Any CPU
		{6617B771-4D7E-4473-9AF0-4E1D5B4D0D5B}.Debug|Any CPU.ActiveCfg = Debug|Any CPU
		{6617B771-4D7E-4473-9AF0-4E1D5B4D0D5B}.Debug|Any CPU.Build.0 = Debug|Any CPU
		{6617B771-4D7E-4473-9AF0-4E1D5B4D0D5B}.Release|Any CPU.ActiveCfg = Release|Any CPU
		{6617B771-4D7E-4473-9AF0-4E1D5B4D0D5B}.Release|Any CPU.Build.0 = Release|Any CPU
		{476DC1F0-7640-41FE-A5AD-FE4B9323F7D8}.Debug|Any CPU.ActiveCfg = Debug|Any CPU
		{476DC1F0-7640-41FE-A5AD-FE4B9323F7D8}.Debug|Any CPU.Build.0 = Debug|Any CPU
		{476DC1F0-7640-41FE-A5AD-FE4B9323F7D8}.Release|Any CPU.ActiveCfg = Release|Any CPU
		{476DC1F0-7640-41FE-A5AD-FE4B9323F7D8}.Release|Any CPU.Build.0 = Release|Any CPU
	EndGlobalSection
EndGlobal
